
Microsoft Visual Studio Solution File, Format Version 12.00
# Visual Studio 14
VisualStudioVersion = 14.0.25420.1
MinimumVisualStudioVersion = 10.0.40219.1
Project("{FAE04EC0-301F-11D3-BF4B-00C04F79EFBC}") = "GiderosPlayerRemote", "GiderosPlayerRemote.csproj", "{9B443183-90EE-4805-AC8A-224ECBCBE1A7}"
EndProject
Project("{8BC9CEB8-8B4A-11D0-8D11-00A0C91BC942}") = "gdradvertise", "..\gdradvertise\gdradvertise.vcxproj", "{5AE69EDB-D034-4B5E-B9F8-24712E6F07CE}"
EndProject
Global
	GlobalSection(SolutionConfigurationPlatforms) = preSolution
		Debug|Any CPU = Debug|Any CPU
		Debug|x64 = Debug|x64
		Debug|x86 = Debug|x86
		Release|Any CPU = Release|Any CPU
		Release|x64 = Release|x64
		Release|x86 = Release|x86
	EndGlobalSection
	GlobalSection(ProjectConfigurationPlatforms) = postSolution
		{9B443183-90EE-4805-AC8A-224ECBCBE1A7}.Debug|Any CPU.ActiveCfg = Debug|Any CPU
		{9B443183-90EE-4805-AC8A-224ECBCBE1A7}.Debug|Any CPU.Build.0 = Debug|Any CPU
		{9B443183-90EE-4805-AC8A-224ECBCBE1A7}.Debug|x64.ActiveCfg = Debug|Any CPU
		{9B443183-90EE-4805-AC8A-224ECBCBE1A7}.Debug|x64.Build.0 = Debug|Any CPU
		{9B443183-90EE-4805-AC8A-224ECBCBE1A7}.Debug|x86.ActiveCfg = Debug|Any CPU
		{9B443183-90EE-4805-AC8A-224ECBCBE1A7}.Debug|x86.Build.0 = Debug|Any CPU
		{9B443183-90EE-4805-AC8A-224ECBCBE1A7}.Release|Any CPU.ActiveCfg = Release|Any CPU
		{9B443183-90EE-4805-AC8A-224ECBCBE1A7}.Release|Any CPU.Build.0 = Release|Any CPU
		{9B443183-90EE-4805-AC8A-224ECBCBE1A7}.Release|x64.ActiveCfg = Release|Any CPU
		{9B443183-90EE-4805-AC8A-224ECBCBE1A7}.Release|x64.Build.0 = Release|Any CPU
		{9B443183-90EE-4805-AC8A-224ECBCBE1A7}.Release|x86.ActiveCfg = Release|Any CPU
		{9B443183-90EE-4805-AC8A-224ECBCBE1A7}.Release|x86.Build.0 = Release|Any CPU
		{5AE69EDB-D034-4B5E-B9F8-24712E6F07CE}.Debug|Any CPU.ActiveCfg = Debug|Win32
		{5AE69EDB-D034-4B5E-B9F8-24712E6F07CE}.Debug|x64.ActiveCfg = Debug|x64
		{5AE69EDB-D034-4B5E-B9F8-24712E6F07CE}.Debug|x64.Build.0 = Debug|x64
		{5AE69EDB-D034-4B5E-B9F8-24712E6F07CE}.Debug|x86.ActiveCfg = Debug|Win32
		{5AE69EDB-D034-4B5E-B9F8-24712E6F07CE}.Debug|x86.Build.0 = Debug|Win32
		{5AE69EDB-D034-4B5E-B9F8-24712E6F07CE}.Release|Any CPU.ActiveCfg = Release|Win32
		{5AE69EDB-D034-4B5E-B9F8-24712E6F07CE}.Release|x64.ActiveCfg = Release|x64
		{5AE69EDB-D034-4B5E-B9F8-24712E6F07CE}.Release|x64.Build.0 = Release|x64
		{5AE69EDB-D034-4B5E-B9F8-24712E6F07CE}.Release|x86.ActiveCfg = Release|Win32
		{5AE69EDB-D034-4B5E-B9F8-24712E6F07CE}.Release|x86.Build.0 = Release|Win32
	EndGlobalSection
	GlobalSection(SolutionProperties) = preSolution
		HideSolutionNode = FALSE
	EndGlobalSection
EndGlobal
